
Microsoft Visual Studio Solution File, Format Version 12.00
# Visual Studio 15
VisualStudioVersion = 15.0.27004.2009
MinimumVisualStudioVersion = 10.0.40219.1
Project("{2150E333-8FDC-42A3-9474-1A3956D46DE8}") = "src", "src", "{2408EC7B-2E06-46A5-B6AC-D4E985E30CBB}"
EndProject
Project("{2150E333-8FDC-42A3-9474-1A3956D46DE8}") = "Solution Items", "Solution Items", "{DFF21B2A-7F52-448D-8867-D1C4EEAF73A7}"
EndProject
Project("{2150E333-8FDC-42A3-9474-1A3956D46DE8}") = "Clients", "Clients", "{BABF1C97-CB5C-4AC5-81C6-6A81B0D45E27}"
EndProject
Project("{9A19103F-16F7-4668-BE54-9A1E7A4F7556}") = "IdentityServer", "src\IdentityServer\IdentityServer.csproj", "{347E7168-1970-4A52-A122-50E9A76E3FD1}"
EndProject
Project("{9A19103F-16F7-4668-BE54-9A1E7A4F7556}") = "ApiCore", "src\ApiCore\ApiCore.csproj", "{2654DC6E-8EE5-4010-BC05-A9988A62FE78}"
EndProject
Project("{FAE04EC0-301F-11D3-BF4B-00C04F79EFBC}") = "Mvc5", "src\Clients\Mvc5\Mvc5.csproj", "{A0D39237-D450-4F23-A3CC-79EBCA1D720D}"
EndProject
Project("{9A19103F-16F7-4668-BE54-9A1E7A4F7556}") = "MvcCore", "src\Clients\MvcCore\MvcCore.csproj", "{090582B6-5EC8-4047-B4F0-1364868F9832}"
EndProject
Global
	GlobalSection(SolutionConfigurationPlatforms) = preSolution
		Debug|Any CPU = Debug|Any CPU
		Release|Any CPU = Release|Any CPU
	EndGlobalSection
	GlobalSection(ProjectConfigurationPlatforms) = postSolution
		{347E7168-1970-4A52-A122-50E9A76E3FD1}.Debug|Any CPU.ActiveCfg = Debug|Any CPU
		{347E7168-1970-4A52-A122-50E9A76E3FD1}.Debug|Any CPU.Build.0 = Debug|Any CPU
		{347E7168-1970-4A52-A122-50E9A76E3FD1}.Release|Any CPU.ActiveCfg = Release|Any CPU
		{347E7168-1970-4A52-A122-50E9A76E3FD1}.Release|Any CPU.Build.0 = Release|Any CPU
		{2654DC6E-8EE5-4010-BC05-A9988A62FE78}.Debug|Any CPU.ActiveCfg = Debug|Any CPU
		{2654DC6E-8EE5-4010-BC05-A9988A62FE78}.Debug|Any CPU.Build.0 = Debug|Any CPU
		{2654DC6E-8EE5-4010-BC05-A9988A62FE78}.Release|Any CPU.ActiveCfg = Release|Any CPU
		{2654DC6E-8EE5-4010-BC05-A9988A62FE78}.Release|Any CPU.Build.0 = Release|Any CPU
		{A0D39237-D450-4F23-A3CC-79EBCA1D720D}.Debug|Any CPU.ActiveCfg = Debug|Any CPU
		{A0D39237-D450-4F23-A3CC-79EBCA1D720D}.Debug|Any CPU.Build.0 = Debug|Any CPU
		{A0D39237-D450-4F23-A3CC-79EBCA1D720D}.Release|Any CPU.ActiveCfg = Release|Any CPU
		{A0D39237-D450-4F23-A3CC-79EBCA1D720D}.Release|Any CPU.Build.0 = Release|Any CPU
		{090582B6-5EC8-4047-B4F0-1364868F9832}.Debug|Any CPU.ActiveCfg = Debug|Any CPU
		{090582B6-5EC8-4047-B4F0-1364868F9832}.Debug|Any CPU.Build.0 = Debug|Any CPU
		{090582B6-5EC8-4047-B4F0-1364868F9832}.Release|Any CPU.ActiveCfg = Release|Any CPU
		{090582B6-5EC8-4047-B4F0-1364868F9832}.Release|Any CPU.Build.0 = Release|Any CPU
	EndGlobalSection
	GlobalSection(SolutionProperties) = preSolution
		HideSolutionNode = FALSE
	EndGlobalSection
	GlobalSection(NestedProjects) = preSolution
		{BABF1C97-CB5C-4AC5-81C6-6A81B0D45E27} = {2408EC7B-2E06-46A5-B6AC-D4E985E30CBB}
		{A0D39237-D450-4F23-A3CC-79EBCA1D720D} = {BABF1C97-CB5C-4AC5-81C6-6A81B0D45E27}
		{090582B6-5EC8-4047-B4F0-1364868F9832} = {BABF1C97-CB5C-4AC5-81C6-6A81B0D45E27}
	EndGlobalSection
	GlobalSection(ExtensibilityGlobals) = postSolution
		SolutionGuid = {7CCAD21B-D0A2-4856-9F44-180374824FFF}
	EndGlobalSection
EndGlobal
