
Microsoft Visual Studio Solution File, Format Version 12.00
# Visual Studio 15
VisualStudioVersion = 15.0.27004.2009
MinimumVisualStudioVersion = 10.0.40219.1
Project("{FAE04EC0-301F-11D3-BF4B-00C04F79EFBC}") = "API", "API\API.csproj", "{A54E88C8-215E-46A5-AED0-233EFE1FF342}"
EndProject
Project("{FAE04EC0-301F-11D3-BF4B-00C04F79EFBC}") = "Tests", "Tests\Tests.csproj", "{0F7AF2FB-AA64-44EB-A5A4-09F3AF3D0958}"
EndProject
Project("{2150E333-8FDC-42A3-9474-1A3956D46DE8}") = "Facility", "Facility", "{F294352F-E7A2-4F5F-801B-FFEC6E23887B}"
EndProject
Project("{FAE04EC0-301F-11D3-BF4B-00C04F79EFBC}") = "Facility.Domain", "Facility\Facility.Domain\Facility.Domain.csproj", "{B624030B-C56B-4C28-834C-82602BE19FCD}"
EndProject
Project("{FAE04EC0-301F-11D3-BF4B-00C04F79EFBC}") = "Facility.Data", "Facility\Facility.Data\Facility.Data.csproj", "{856D9EA8-CEAE-4480-81D6-FF6D63529B70}"
EndProject
Project("{FAE04EC0-301F-11D3-BF4B-00C04F79EFBC}") = "Facility.Tests", "Facility\Facility.Tests\Facility.Tests.csproj", "{6E34EE29-9F2E-41D2-B2B6-6D296E4197EA}"
EndProject
Project("{FAE04EC0-301F-11D3-BF4B-00C04F79EFBC}") = "Shared", "Shared\Shared.csproj", "{61551B2B-55AE-4C9B-AB02-009F434E80FA}"
EndProject
Project("{FAE04EC0-301F-11D3-BF4B-00C04F79EFBC}") = "Facility.Service", "Facility.Service\Facility.Service.csproj", "{34CF4BED-70ED-44A7-9930-1DCAB995A01B}"
EndProject
Global
	GlobalSection(SolutionConfigurationPlatforms) = preSolution
		Debug|Any CPU = Debug|Any CPU
		Release|Any CPU = Release|Any CPU
	EndGlobalSection
	GlobalSection(ProjectConfigurationPlatforms) = postSolution
		{A54E88C8-215E-46A5-AED0-233EFE1FF342}.Debug|Any CPU.ActiveCfg = Debug|Any CPU
		{A54E88C8-215E-46A5-AED0-233EFE1FF342}.Debug|Any CPU.Build.0 = Debug|Any CPU
		{A54E88C8-215E-46A5-AED0-233EFE1FF342}.Release|Any CPU.ActiveCfg = Release|Any CPU
		{A54E88C8-215E-46A5-AED0-233EFE1FF342}.Release|Any CPU.Build.0 = Release|Any CPU
		{0F7AF2FB-AA64-44EB-A5A4-09F3AF3D0958}.Debug|Any CPU.ActiveCfg = Debug|Any CPU
		{0F7AF2FB-AA64-44EB-A5A4-09F3AF3D0958}.Debug|Any CPU.Build.0 = Debug|Any CPU
		{0F7AF2FB-AA64-44EB-A5A4-09F3AF3D0958}.Release|Any CPU.ActiveCfg = Release|Any CPU
		{0F7AF2FB-AA64-44EB-A5A4-09F3AF3D0958}.Release|Any CPU.Build.0 = Release|Any CPU
		{B624030B-C56B-4C28-834C-82602BE19FCD}.Debug|Any CPU.ActiveCfg = Debug|Any CPU
		{B624030B-C56B-4C28-834C-82602BE19FCD}.Debug|Any CPU.Build.0 = Debug|Any CPU
		{B624030B-C56B-4C28-834C-82602BE19FCD}.Release|Any CPU.ActiveCfg = Release|Any CPU
		{B624030B-C56B-4C28-834C-82602BE19FCD}.Release|Any CPU.Build.0 = Release|Any CPU
		{856D9EA8-CEAE-4480-81D6-FF6D63529B70}.Debug|Any CPU.ActiveCfg = Debug|Any CPU
		{856D9EA8-CEAE-4480-81D6-FF6D63529B70}.Debug|Any CPU.Build.0 = Debug|Any CPU
		{856D9EA8-CEAE-4480-81D6-FF6D63529B70}.Release|Any CPU.ActiveCfg = Release|Any CPU
		{856D9EA8-CEAE-4480-81D6-FF6D63529B70}.Release|Any CPU.Build.0 = Release|Any CPU
		{6E34EE29-9F2E-41D2-B2B6-6D296E4197EA}.Debug|Any CPU.ActiveCfg = Debug|Any CPU
		{6E34EE29-9F2E-41D2-B2B6-6D296E4197EA}.Debug|Any CPU.Build.0 = Debug|Any CPU
		{6E34EE29-9F2E-41D2-B2B6-6D296E4197EA}.Release|Any CPU.ActiveCfg = Release|Any CPU
		{6E34EE29-9F2E-41D2-B2B6-6D296E4197EA}.Release|Any CPU.Build.0 = Release|Any CPU
		{61551B2B-55AE-4C9B-AB02-009F434E80FA}.Debug|Any CPU.ActiveCfg = Debug|Any CPU
		{61551B2B-55AE-4C9B-AB02-009F434E80FA}.Debug|Any CPU.Build.0 = Debug|Any CPU
		{61551B2B-55AE-4C9B-AB02-009F434E80FA}.Release|Any CPU.ActiveCfg = Release|Any CPU
		{61551B2B-55AE-4C9B-AB02-009F434E80FA}.Release|Any CPU.Build.0 = Release|Any CPU
		{34CF4BED-70ED-44A7-9930-1DCAB995A01B}.Debug|Any CPU.ActiveCfg = Debug|Any CPU
		{34CF4BED-70ED-44A7-9930-1DCAB995A01B}.Debug|Any CPU.Build.0 = Debug|Any CPU
		{34CF4BED-70ED-44A7-9930-1DCAB995A01B}.Release|Any CPU.ActiveCfg = Release|Any CPU
		{34CF4BED-70ED-44A7-9930-1DCAB995A01B}.Release|Any CPU.Build.0 = Release|Any CPU
	EndGlobalSection
	GlobalSection(SolutionProperties) = preSolution
		HideSolutionNode = FALSE
	EndGlobalSection
	GlobalSection(NestedProjects) = preSolution
		{B624030B-C56B-4C28-834C-82602BE19FCD} = {F294352F-E7A2-4F5F-801B-FFEC6E23887B}
		{856D9EA8-CEAE-4480-81D6-FF6D63529B70} = {F294352F-E7A2-4F5F-801B-FFEC6E23887B}
		{6E34EE29-9F2E-41D2-B2B6-6D296E4197EA} = {F294352F-E7A2-4F5F-801B-FFEC6E23887B}
		{34CF4BED-70ED-44A7-9930-1DCAB995A01B} = {F294352F-E7A2-4F5F-801B-FFEC6E23887B}
	EndGlobalSection
	GlobalSection(ExtensibilityGlobals) = postSolution
		SolutionGuid = {2BCFB37E-5CCF-477F-BAAA-6D9B41796299}
	EndGlobalSection
EndGlobal
